
Microsoft Visual Studio Solution File, Format Version 12.00
# Visual Studio Version 17
VisualStudioVersion = 17.8.34408.163
MinimumVisualStudioVersion = 10.0.40219.1
Project("{8BC9CEB8-8B4A-11D0-8D11-00A0C91BC942}") = "ALL_BUILD", "ALL_BUILD.vcxproj", "{46E3A2B4-B2A0-3676-8D1D-AE86D831A468}"
	ProjectSection(ProjectDependencies) = postProject
		{6014A79D-8D3C-3DC1-B7CC-F57B768082A5} = {6014A79D-8D3C-3DC1-B7CC-F57B768082A5}
		{0B1072E3-C811-3F6C-B12A-49E0A635AC4E} = {0B1072E3-C811-3F6C-B12A-49E0A635AC4E}
		{67C429CD-3F8B-39F1-ACB2-EB1B89E9DFDB} = {67C429CD-3F8B-39F1-ACB2-EB1B89E9DFDB}
		{D2B57760-F72A-3A24-B5C3-5AEF8C2182AA} = {D2B57760-F72A-3A24-B5C3-5AEF8C2182AA}
		{405D98E4-9486-3DA5-B64A-72ABCBAB0EE0} = {405D98E4-9486-3DA5-B64A-72ABCBAB0EE0}
	EndProjectSection
EndProject
Project("{8BC9CEB8-8B4A-11D0-8D11-00A0C91BC942}") = "INSTALL", "INSTALL.vcxproj", "{DAA39BC6-92D7-3CAD-99E7-036179A3B053}"
	ProjectSection(ProjectDependencies) = postProject
		{46E3A2B4-B2A0-3676-8D1D-AE86D831A468} = {46E3A2B4-B2A0-3676-8D1D-AE86D831A468}
		{6014A79D-8D3C-3DC1-B7CC-F57B768082A5} = {6014A79D-8D3C-3DC1-B7CC-F57B768082A5}
	EndProjectSection
EndProject
Project("{8BC9CEB8-8B4A-11D0-8D11-00A0C91BC942}") = "PACKAGE", "PACKAGE.vcxproj", "{5047E7BA-7C65-31E0-BEFE-0AD9A3C0D8F1}"
	ProjectSection(ProjectDependencies) = postProject
		{46E3A2B4-B2A0-3676-8D1D-AE86D831A468} = {46E3A2B4-B2A0-3676-8D1D-AE86D831A468}
		{6014A79D-8D3C-3DC1-B7CC-F57B768082A5} = {6014A79D-8D3C-3DC1-B7CC-F57B768082A5}
	EndProjectSection
EndProject
Project("{8BC9CEB8-8B4A-11D0-8D11-00A0C91BC942}") = "ZERO_CHECK", "ZERO_CHECK.vcxproj", "{6014A79D-8D3C-3DC1-B7CC-F57B768082A5}"
EndProject
Project("{8BC9CEB8-8B4A-11D0-8D11-00A0C91BC942}") = "dark", "dark.vcxproj", "{0B1072E3-C811-3F6C-B12A-49E0A635AC4E}"
	ProjectSection(ProjectDependencies) = postProject
		{6014A79D-8D3C-3DC1-B7CC-F57B768082A5} = {6014A79D-8D3C-3DC1-B7CC-F57B768082A5}
	EndProjectSection
EndProject
Project("{8BC9CEB8-8B4A-11D0-8D11-00A0C91BC942}") = "darknet", "darknet.vcxproj", "{67C429CD-3F8B-39F1-ACB2-EB1B89E9DFDB}"
	ProjectSection(ProjectDependencies) = postProject
		{6014A79D-8D3C-3DC1-B7CC-F57B768082A5} = {6014A79D-8D3C-3DC1-B7CC-F57B768082A5}
	EndProjectSection
EndProject
Project("{8BC9CEB8-8B4A-11D0-8D11-00A0C91BC942}") = "kmeansiou", "kmeansiou.vcxproj", "{D2B57760-F72A-3A24-B5C3-5AEF8C2182AA}"
	ProjectSection(ProjectDependencies) = postProject
		{6014A79D-8D3C-3DC1-B7CC-F57B768082A5} = {6014A79D-8D3C-3DC1-B7CC-F57B768082A5}
	EndProjectSection
EndProject
Project("{8BC9CEB8-8B4A-11D0-8D11-00A0C91BC942}") = "uselib", "uselib.vcxproj", "{405D98E4-9486-3DA5-B64A-72ABCBAB0EE0}"
	ProjectSection(ProjectDependencies) = postProject
		{6014A79D-8D3C-3DC1-B7CC-F57B768082A5} = {6014A79D-8D3C-3DC1-B7CC-F57B768082A5}
		{0B1072E3-C811-3F6C-B12A-49E0A635AC4E} = {0B1072E3-C811-3F6C-B12A-49E0A635AC4E}
	EndProjectSection
EndProject
Global
	GlobalSection(SolutionConfigurationPlatforms) = preSolution
		Debug|x64 = Debug|x64
		MinSizeRel|x64 = MinSizeRel|x64
		Release|x64 = Release|x64
		RelWithDebInfo|x64 = RelWithDebInfo|x64
	EndGlobalSection
	GlobalSection(ProjectConfigurationPlatforms) = postSolution
		{46E3A2B4-B2A0-3676-8D1D-AE86D831A468}.Debug|x64.ActiveCfg = Debug|x64
		{46E3A2B4-B2A0-3676-8D1D-AE86D831A468}.Debug|x64.Build.0 = Debug|x64
		{46E3A2B4-B2A0-3676-8D1D-AE86D831A468}.MinSizeRel|x64.ActiveCfg = MinSizeRel|x64
		{46E3A2B4-B2A0-3676-8D1D-AE86D831A468}.MinSizeRel|x64.Build.0 = MinSizeRel|x64
		{46E3A2B4-B2A0-3676-8D1D-AE86D831A468}.Release|x64.ActiveCfg = Release|x64
		{46E3A2B4-B2A0-3676-8D1D-AE86D831A468}.Release|x64.Build.0 = Release|x64
		{46E3A2B4-B2A0-3676-8D1D-AE86D831A468}.RelWithDebInfo|x64.ActiveCfg = RelWithDebInfo|x64
		{46E3A2B4-B2A0-3676-8D1D-AE86D831A468}.RelWithDebInfo|x64.Build.0 = RelWithDebInfo|x64
		{DAA39BC6-92D7-3CAD-99E7-036179A3B053}.Debug|x64.ActiveCfg = Debug|x64
		{DAA39BC6-92D7-3CAD-99E7-036179A3B053}.MinSizeRel|x64.ActiveCfg = MinSizeRel|x64
		{DAA39BC6-92D7-3CAD-99E7-036179A3B053}.Release|x64.ActiveCfg = Release|x64
		{DAA39BC6-92D7-3CAD-99E7-036179A3B053}.Release|x64.Build.0 = Release|x64
		{DAA39BC6-92D7-3CAD-99E7-036179A3B053}.RelWithDebInfo|x64.ActiveCfg = RelWithDebInfo|x64
		{5047E7BA-7C65-31E0-BEFE-0AD9A3C0D8F1}.Debug|x64.ActiveCfg = Debug|x64
		{5047E7BA-7C65-31E0-BEFE-0AD9A3C0D8F1}.MinSizeRel|x64.ActiveCfg = MinSizeRel|x64
		{5047E7BA-7C65-31E0-BEFE-0AD9A3C0D8F1}.Release|x64.ActiveCfg = Release|x64
		{5047E7BA-7C65-31E0-BEFE-0AD9A3C0D8F1}.RelWithDebInfo|x64.ActiveCfg = RelWithDebInfo|x64
		{6014A79D-8D3C-3DC1-B7CC-F57B768082A5}.Debug|x64.ActiveCfg = Debug|x64
		{6014A79D-8D3C-3DC1-B7CC-F57B768082A5}.Debug|x64.Build.0 = Debug|x64
		{6014A79D-8D3C-3DC1-B7CC-F57B768082A5}.MinSizeRel|x64.ActiveCfg = MinSizeRel|x64
		{6014A79D-8D3C-3DC1-B7CC-F57B768082A5}.MinSizeRel|x64.Build.0 = MinSizeRel|x64
		{6014A79D-8D3C-3DC1-B7CC-F57B768082A5}.Release|x64.ActiveCfg = Release|x64
		{6014A79D-8D3C-3DC1-B7CC-F57B768082A5}.Release|x64.Build.0 = Release|x64
		{6014A79D-8D3C-3DC1-B7CC-F57B768082A5}.RelWithDebInfo|x64.ActiveCfg = RelWithDebInfo|x64
		{6014A79D-8D3C-3DC1-B7CC-F57B768082A5}.RelWithDebInfo|x64.Build.0 = RelWithDebInfo|x64
		{0B1072E3-C811-3F6C-B12A-49E0A635AC4E}.Debug|x64.ActiveCfg = Debug|x64
		{0B1072E3-C811-3F6C-B12A-49E0A635AC4E}.Debug|x64.Build.0 = Debug|x64
		{0B1072E3-C811-3F6C-B12A-49E0A635AC4E}.MinSizeRel|x64.ActiveCfg = MinSizeRel|x64
		{0B1072E3-C811-3F6C-B12A-49E0A635AC4E}.MinSizeRel|x64.Build.0 = MinSizeRel|x64
		{0B1072E3-C811-3F6C-B12A-49E0A635AC4E}.Release|x64.ActiveCfg = Release|x64
		{0B1072E3-C811-3F6C-B12A-49E0A635AC4E}.Release|x64.Build.0 = Release|x64
		{0B1072E3-C811-3F6C-B12A-49E0A635AC4E}.RelWithDebInfo|x64.ActiveCfg = RelWithDebInfo|x64
		{0B1072E3-C811-3F6C-B12A-49E0A635AC4E}.RelWithDebInfo|x64.Build.0 = RelWithDebInfo|x64
		{67C429CD-3F8B-39F1-ACB2-EB1B89E9DFDB}.Debug|x64.ActiveCfg = Debug|x64
		{67C429CD-3F8B-39F1-ACB2-EB1B89E9DFDB}.Debug|x64.Build.0 = Debug|x64
		{67C429CD-3F8B-39F1-ACB2-EB1B89E9DFDB}.MinSizeRel|x64.ActiveCfg = MinSizeRel|x64
		{67C429CD-3F8B-39F1-ACB2-EB1B89E9DFDB}.MinSizeRel|x64.Build.0 = MinSizeRel|x64
		{67C429CD-3F8B-39F1-ACB2-EB1B89E9DFDB}.Release|x64.ActiveCfg = Release|x64
		{67C429CD-3F8B-39F1-ACB2-EB1B89E9DFDB}.Release|x64.Build.0 = Release|x64
		{67C429CD-3F8B-39F1-ACB2-EB1B89E9DFDB}.RelWithDebInfo|x64.ActiveCfg = RelWithDebInfo|x64
		{67C429CD-3F8B-39F1-ACB2-EB1B89E9DFDB}.RelWithDebInfo|x64.Build.0 = RelWithDebInfo|x64
		{D2B57760-F72A-3A24-B5C3-5AEF8C2182AA}.Debug|x64.ActiveCfg = Debug|x64
		{D2B57760-F72A-3A24-B5C3-5AEF8C2182AA}.Debug|x64.Build.0 = Debug|x64
		{D2B57760-F72A-3A24-B5C3-5AEF8C2182AA}.MinSizeRel|x64.ActiveCfg = MinSizeRel|x64
		{D2B57760-F72A-3A24-B5C3-5AEF8C2182AA}.MinSizeRel|x64.Build.0 = MinSizeRel|x64
		{D2B57760-F72A-3A24-B5C3-5AEF8C2182AA}.Release|x64.ActiveCfg = Release|x64
		{D2B57760-F72A-3A24-B5C3-5AEF8C2182AA}.Release|x64.Build.0 = Release|x64
		{D2B57760-F72A-3A24-B5C3-5AEF8C2182AA}.RelWithDebInfo|x64.ActiveCfg = RelWithDebInfo|x64
		{D2B57760-F72A-3A24-B5C3-5AEF8C2182AA}.RelWithDebInfo|x64.Build.0 = RelWithDebInfo|x64
		{405D98E4-9486-3DA5-B64A-72ABCBAB0EE0}.Debug|x64.ActiveCfg = Debug|x64
		{405D98E4-9486-3DA5-B64A-72ABCBAB0EE0}.Debug|x64.Build.0 = Debug|x64
		{405D98E4-9486-3DA5-B64A-72ABCBAB0EE0}.MinSizeRel|x64.ActiveCfg = MinSizeRel|x64
		{405D98E4-9486-3DA5-B64A-72ABCBAB0EE0}.MinSizeRel|x64.Build.0 = MinSizeRel|x64
		{405D98E4-9486-3DA5-B64A-72ABCBAB0EE0}.Release|x64.ActiveCfg = Release|x64
		{405D98E4-9486-3DA5-B64A-72ABCBAB0EE0}.Release|x64.Build.0 = Release|x64
		{405D98E4-9486-3DA5-B64A-72ABCBAB0EE0}.RelWithDebInfo|x64.ActiveCfg = RelWithDebInfo|x64
		{405D98E4-9486-3DA5-B64A-72ABCBAB0EE0}.RelWithDebInfo|x64.Build.0 = RelWithDebInfo|x64
	EndGlobalSection
	GlobalSection(SolutionProperties) = preSolution
		HideSolutionNode = FALSE
	EndGlobalSection
	GlobalSection(ExtensibilityGlobals) = postSolution
		SolutionGuid = {8EE50234-7315-3F53-9D01-2FD5BFD8BADA}
	EndGlobalSection
EndGlobal
