<?xml version="1.0" encoding="utf-8"?>
<Project ToolsVersion="17.0" xmlns="http://schemas.microsoft.com/developer/msbuild/2003">
  <ItemGroup>
    <CustomBuild Include="C:\Users\User\Downloads\darknet-master\darknet-master\CMakeFiles\2f763d5b35d5deec9adc565a238a2ce1\PACKAGE_force.rule">
      <Filter>CMake Rules</Filter>
    </CustomBuild>
  </ItemGroup>
  <ItemGroup>
    <Filter Include="CMake Rules">
      <UniqueIdentifier>{E5678F3E-4CB0-3115-BB50-A7D464ADB18E}</UniqueIdentifier>
    </Filter>
  </ItemGroup>
</Project>
